
Microsoft Visual Studio Solution File, Format Version 12.00
Project("{FAE04EC0-301F-11D3-BF4B-00C04F79EFBC}") = "A", "A\A.csproj", "{2C668492-3B76-4623-937C-51E9AE376544}"
EndProject
Project("{FAE04EC0-301F-11D3-BF4B-00C04F79EFBC}") = "B", "B\B.csproj", "{36328AA0-F195-4FA7-A997-FED5ACB3B42C}"
EndProject
Project("{FAE04EC0-301F-11D3-BF4B-00C04F79EFBC}") = "C", "C\C.csproj", "{5EBFE614-1EDC-408C-AAA3-000FC92EA967}"
EndProject
Project("{FAE04EC0-301F-11D3-BF4B-00C04F79EFBC}") = "D", "D\D.csproj", "{24D4DC23-772D-43C1-81FB-CA7FA47177B6}"
EndProject
Project("{FAE04EC0-301F-11D3-BF4B-00C04F79EFBC}") = "E", "E\E.csproj", "{DBDF20F6-F455-47A1-878E-2E5C671CAA9E}"
EndProject
Project("{FAE04EC0-301F-11D3-BF4B-00C04F79EFBC}") = "F", "F\F.csproj", "{93805A5C-AFD4-47CE-B8D5-ECA02CBC226F}"
EndProject
Project("{FAE04EC0-301F-11D3-BF4B-00C04F79EFBC}") = "G", "G\G.csproj", "{6D87B17C-6EDA-4356-8EB9-4FCDC69FA572}"
EndProject
Project("{FAE04EC0-301F-11D3-BF4B-00C04F79EFBC}") = "H", "H\H.csproj", "{78F20F4A-BCF1-499D-A4BA-315EBE7B7F9D}"
EndProject
Project("{FAE04EC0-301F-11D3-BF4B-00C04F79EFBC}") = "I", "I\I.csproj", "{82B114CA-5B4C-47C2-8656-9B966075A0B0}"
EndProject
Project("{FAE04EC0-301F-11D3-BF4B-00C04F79EFBC}") = "J", "J\J.csproj", "{5BF04F8E-C9E2-4090-B37D-56CF79D40FD1}"
EndProject
Global
	GlobalSection(SolutionConfigurationPlatforms) = preSolution
		Debug|Any CPU = Debug|Any CPU
		Release|Any CPU = Release|Any CPU
	EndGlobalSection
	GlobalSection(ProjectConfigurationPlatforms) = postSolution
		{2C668492-3B76-4623-937C-51E9AE376544}.Debug|Any CPU.ActiveCfg = Debug|Any CPU
		{2C668492-3B76-4623-937C-51E9AE376544}.Debug|Any CPU.Build.0 = Debug|Any CPU
		{2C668492-3B76-4623-937C-51E9AE376544}.Release|Any CPU.ActiveCfg = Release|Any CPU
		{2C668492-3B76-4623-937C-51E9AE376544}.Release|Any CPU.Build.0 = Release|Any CPU
		{36328AA0-F195-4FA7-A997-FED5ACB3B42C}.Debug|Any CPU.ActiveCfg = Debug|Any CPU
		{36328AA0-F195-4FA7-A997-FED5ACB3B42C}.Debug|Any CPU.Build.0 = Debug|Any CPU
		{36328AA0-F195-4FA7-A997-FED5ACB3B42C}.Release|Any CPU.ActiveCfg = Release|Any CPU
		{36328AA0-F195-4FA7-A997-FED5ACB3B42C}.Release|Any CPU.Build.0 = Release|Any CPU
		{5EBFE614-1EDC-408C-AAA3-000FC92EA967}.Debug|Any CPU.ActiveCfg = Debug|Any CPU
		{5EBFE614-1EDC-408C-AAA3-000FC92EA967}.Debug|Any CPU.Build.0 = Debug|Any CPU
		{5EBFE614-1EDC-408C-AAA3-000FC92EA967}.Release|Any CPU.ActiveCfg = Release|Any CPU
		{5EBFE614-1EDC-408C-AAA3-000FC92EA967}.Release|Any CPU.Build.0 = Release|Any CPU
		{24D4DC23-772D-43C1-81FB-CA7FA47177B6}.Debug|Any CPU.ActiveCfg = Debug|Any CPU
		{24D4DC23-772D-43C1-81FB-CA7FA47177B6}.Debug|Any CPU.Build.0 = Debug|Any CPU
		{24D4DC23-772D-43C1-81FB-CA7FA47177B6}.Release|Any CPU.ActiveCfg = Release|Any CPU
		{24D4DC23-772D-43C1-81FB-CA7FA47177B6}.Release|Any CPU.Build.0 = Release|Any CPU
		{DBDF20F6-F455-47A1-878E-2E5C671CAA9E}.Debug|Any CPU.ActiveCfg = Debug|Any CPU
		{DBDF20F6-F455-47A1-878E-2E5C671CAA9E}.Debug|Any CPU.Build.0 = Debug|Any CPU
		{DBDF20F6-F455-47A1-878E-2E5C671CAA9E}.Release|Any CPU.ActiveCfg = Release|Any CPU
		{DBDF20F6-F455-47A1-878E-2E5C671CAA9E}.Release|Any CPU.Build.0 = Release|Any CPU
		{93805A5C-AFD4-47CE-B8D5-ECA02CBC226F}.Debug|Any CPU.ActiveCfg = Debug|Any CPU
		{93805A5C-AFD4-47CE-B8D5-ECA02CBC226F}.Debug|Any CPU.Build.0 = Debug|Any CPU
		{93805A5C-AFD4-47CE-B8D5-ECA02CBC226F}.Release|Any CPU.ActiveCfg = Release|Any CPU
		{93805A5C-AFD4-47CE-B8D5-ECA02CBC226F}.Release|Any CPU.Build.0 = Release|Any CPU
		{6D87B17C-6EDA-4356-8EB9-4FCDC69FA572}.Debug|Any CPU.ActiveCfg = Debug|Any CPU
		{6D87B17C-6EDA-4356-8EB9-4FCDC69FA572}.Debug|Any CPU.Build.0 = Debug|Any CPU
		{6D87B17C-6EDA-4356-8EB9-4FCDC69FA572}.Release|Any CPU.ActiveCfg = Release|Any CPU
		{6D87B17C-6EDA-4356-8EB9-4FCDC69FA572}.Release|Any CPU.Build.0 = Release|Any CPU
		{78F20F4A-BCF1-499D-A4BA-315EBE7B7F9D}.Debug|Any CPU.ActiveCfg = Debug|Any CPU
		{78F20F4A-BCF1-499D-A4BA-315EBE7B7F9D}.Debug|Any CPU.Build.0 = Debug|Any CPU
		{78F20F4A-BCF1-499D-A4BA-315EBE7B7F9D}.Release|Any CPU.ActiveCfg = Release|Any CPU
		{78F20F4A-BCF1-499D-A4BA-315EBE7B7F9D}.Release|Any CPU.Build.0 = Release|Any CPU
		{82B114CA-5B4C-47C2-8656-9B966075A0B0}.Debug|Any CPU.ActiveCfg = Debug|Any CPU
		{82B114CA-5B4C-47C2-8656-9B966075A0B0}.Debug|Any CPU.Build.0 = Debug|Any CPU
		{82B114CA-5B4C-47C2-8656-9B966075A0B0}.Release|Any CPU.ActiveCfg = Release|Any CPU
		{82B114CA-5B4C-47C2-8656-9B966075A0B0}.Release|Any CPU.Build.0 = Release|Any CPU
		{5BF04F8E-C9E2-4090-B37D-56CF79D40FD1}.Debug|Any CPU.ActiveCfg = Debug|Any CPU
		{5BF04F8E-C9E2-4090-B37D-56CF79D40FD1}.Debug|Any CPU.Build.0 = Debug|Any CPU
		{5BF04F8E-C9E2-4090-B37D-56CF79D40FD1}.Release|Any CPU.ActiveCfg = Release|Any CPU
		{5BF04F8E-C9E2-4090-B37D-56CF79D40FD1}.Release|Any CPU.Build.0 = Release|Any CPU
	EndGlobalSection
EndGlobal
